
Microsoft Visual Studio Solution File, Format Version 12.00
# Visual Studio Version 17
VisualStudioVersion = 17.13.35931.197 d17.13
MinimumVisualStudioVersion = 10.0.40219.1
Project("{8BC9CEB8-8B4A-11D0-8D11-00A0C91BC942}") = "Encoi_moy", "Encoi_moy.vcxproj", "{C40F9347-5849-2A77-3150-0DC911F7B670}"
EndProject
Global
	GlobalSection(SolutionConfigurationPlatforms) = preSolution
		Debug|x64 = Debug|x64
		Debug|x86 = Debug|x86
		Release|x64 = Release|x64
		Release|x86 = Release|x86
	EndGlobalSection
	GlobalSection(ProjectConfigurationPlatforms) = postSolution
		{C40F9347-5849-2A77-3150-0DC911F7B670}.Debug|x64.ActiveCfg = Debug|x64
		{C40F9347-5849-2A77-3150-0DC911F7B670}.Debug|x64.Build.0 = Debug|x64
		{C40F9347-5849-2A77-3150-0DC911F7B670}.Debug|x86.ActiveCfg = Debug|Win32
		{C40F9347-5849-2A77-3150-0DC911F7B670}.Debug|x86.Build.0 = Debug|Win32
		{C40F9347-5849-2A77-3150-0DC911F7B670}.Release|x64.ActiveCfg = Release|x64
		{C40F9347-5849-2A77-3150-0DC911F7B670}.Release|x64.Build.0 = Release|x64
		{C40F9347-5849-2A77-3150-0DC911F7B670}.Release|x86.ActiveCfg = Release|Win32
		{C40F9347-5849-2A77-3150-0DC911F7B670}.Release|x86.Build.0 = Release|Win32
	EndGlobalSection
	GlobalSection(SolutionProperties) = preSolution
		HideSolutionNode = FALSE
	EndGlobalSection
	GlobalSection(ExtensibilityGlobals) = postSolution
		SolutionGuid = {D23E926D-9ED0-4EF8-8541-99218296C3F3}
	EndGlobalSection
EndGlobal
